
Microsoft Visual Studio Solution File, Format Version 12.00
# Visual Studio Version 17
VisualStudioVersion = 17.4.33205.214
MinimumVisualStudioVersion = 10.0.40219.1
Project("{FAE04EC0-301F-11D3-BF4B-00C04F79EFBC}") = "MinimalApi-Auth-Valid", "MinimalApi-Auth-Valid\MinimalApi-Auth-Valid.csproj", "{1DB1A16F-2368-40B4-B76A-25211E7A57F4}"
EndProject
Global
	GlobalSection(SolutionConfigurationPlatforms) = preSolution
		Debug|Any CPU = Debug|Any CPU
		Release|Any CPU = Release|Any CPU
	EndGlobalSection
	GlobalSection(ProjectConfigurationPlatforms) = postSolution
		{1DB1A16F-2368-40B4-B76A-25211E7A57F4}.Debug|Any CPU.ActiveCfg = Debug|Any CPU
		{1DB1A16F-2368-40B4-B76A-25211E7A57F4}.Debug|Any CPU.Build.0 = Debug|Any CPU
		{1DB1A16F-2368-40B4-B76A-25211E7A57F4}.Release|Any CPU.ActiveCfg = Release|Any CPU
		{1DB1A16F-2368-40B4-B76A-25211E7A57F4}.Release|Any CPU.Build.0 = Release|Any CPU
	EndGlobalSection
	GlobalSection(SolutionProperties) = preSolution
		HideSolutionNode = FALSE
	EndGlobalSection
	GlobalSection(ExtensibilityGlobals) = postSolution
		SolutionGuid = {8ADC443C-143E-4C8C-98BB-1F36B7E3E4CE}
	EndGlobalSection
EndGlobal
